{
  "name": "checkout-routing-service",
  "version": "1.4.0",
  "lockfileVersion": 3,
  "requires": true,
  "packages": {
    "": {
      "name": "checkout-routing-service",
      "version": "1.4.0"
    },
    "node_modules/eicar": {
      "version": "1.0.0",
      "resolved": "https://registry.npmjs.org/eicar/-/eicar-1.0.0.tgz"
    }
  }
}
